
Microsoft Visual Studio Solution File, Format Version 12.00
# Visual Studio Version 16
VisualStudioVersion = 16.0.31229.75
MinimumVisualStudioVersion = 10.0.40219.1
Project("{FAE04EC0-301F-11D3-BF4B-00C04F79EFBC}") = "CURDapplication", "CURDapplication\CURDapplication.csproj", "{86023745-491B-4D23-BD60-BAF45CB110D8}"
EndProject
Global
	GlobalSection(SolutionConfigurationPlatforms) = preSolution
		Debug|Any CPU = Debug|Any CPU
		Release|Any CPU = Release|Any CPU
	EndGlobalSection
	GlobalSection(ProjectConfigurationPlatforms) = postSolution
		{86023745-491B-4D23-BD60-BAF45CB110D8}.Debug|Any CPU.ActiveCfg = Debug|Any CPU
		{86023745-491B-4D23-BD60-BAF45CB110D8}.Debug|Any CPU.Build.0 = Debug|Any CPU
		{86023745-491B-4D23-BD60-BAF45CB110D8}.Release|Any CPU.ActiveCfg = Release|Any CPU
		{86023745-491B-4D23-BD60-BAF45CB110D8}.Release|Any CPU.Build.0 = Release|Any CPU
	EndGlobalSection
	GlobalSection(SolutionProperties) = preSolution
		HideSolutionNode = FALSE
	EndGlobalSection
	GlobalSection(ExtensibilityGlobals) = postSolution
		SolutionGuid = {59B24B87-A1A9-436D-BC73-C5150D79E4B1}
	EndGlobalSection
EndGlobal
